
Microsoft Visual Studio Solution File, Format Version 12.00
# Visual Studio Version 16
VisualStudioVersion = 16.0.30413.136
MinimumVisualStudioVersion = 10.0.40219.1
Project("{9A19103F-16F7-4668-BE54-9A1E7A4F7556}") = "sourcestack1", "RazorPage\sourcestack1.csproj", "{CA02435A-282D-4604-8D62-CBDB800FFD7C}"
EndProject
Project("{9A19103F-16F7-4668-BE54-9A1E7A4F7556}") = "SelfStudy", "SelfStudy\SelfStudy.csproj", "{8B26504E-A57A-4BE5-9D47-F711D123CF59}"
EndProject
Project("{9A19103F-16F7-4668-BE54-9A1E7A4F7556}") = "NUnitTestProject1", "NUnitTestProject1\NUnitTestProject1.csproj", "{52F5174D-26B6-48AA-A56A-6D3CEB04F20C}"
EndProject
Project("{FAE04EC0-301F-11D3-BF4B-00C04F79EFBC}") = "Captcha", "Captcha\Captcha.csproj", "{CCEEA762-3794-42E6-A6FD-F2EC3E63ED7D}"
EndProject
Project("{9A19103F-16F7-4668-BE54-9A1E7A4F7556}") = "CSharplearn", "CsharpLearn\CSharplearn.csproj", "{040F017F-9A19-46D8-8AD1-5EE04DCE14D6}"
EndProject
Project("{2150E333-8FDC-42A3-9474-1A3956D46DE8}") = "BLL", "BLL", "{72B9D0FD-1585-4571-8437-723739CE9B6E}"
EndProject
Project("{2150E333-8FDC-42A3-9474-1A3956D46DE8}") = "SRV", "SRV", "{E73A00B1-FDA3-41A4-89B3-FBE57671A098}"
EndProject
Project("{FAE04EC0-301F-11D3-BF4B-00C04F79EFBC}") = "Entities", "BLL\Entities\Entities.csproj", "{1EE4A944-0C12-4768-8EEC-7F4950778438}"
EndProject
Project("{FAE04EC0-301F-11D3-BF4B-00C04F79EFBC}") = "Repositories", "BLL\Repositories\Repositories.csproj", "{6A489D6E-3E43-47AD-999D-9BD51AE9BE4B}"
EndProject
Project("{FAE04EC0-301F-11D3-BF4B-00C04F79EFBC}") = "MockService", "SRV\MockService\MockService.csproj", "{17AAA390-7EFF-4AAB-A6BC-C6CF6D62CC21}"
EndProject
Project("{FAE04EC0-301F-11D3-BF4B-00C04F79EFBC}") = "ProdService", "SRV\ProdService\ProdService.csproj", "{D47C2FC3-C1BA-4D29-8891-C88719724890}"
EndProject
Project("{FAE04EC0-301F-11D3-BF4B-00C04F79EFBC}") = "ServiceInterface", "SRV\ServiceInterface\ServiceInterface.csproj", "{42367C1B-719F-440F-B9D6-621BBAA25E11}"
EndProject
Project("{FAE04EC0-301F-11D3-BF4B-00C04F79EFBC}") = "ViewModel", "SRV\ViewModel\ViewModel.csproj", "{0C55DDC5-D1F2-40B1-B7D3-76DD812D33AF}"
EndProject
Project("{9A19103F-16F7-4668-BE54-9A1E7A4F7556}") = "JavaScript", "JavaScript\JavaScript.csproj", "{C6D12501-263C-43A4-B1EB-D137FF138E52}"
EndProject
Project("{2150E333-8FDC-42A3-9474-1A3956D46DE8}") = "GLB", "GLB", "{958C87AF-9496-47C2-9FE5-2A3C0070D972}"
EndProject
Project("{FAE04EC0-301F-11D3-BF4B-00C04F79EFBC}") = "Global", "GLB\Global\Global.csproj", "{CA2BF9BF-7F8B-435C-B180-546866A899CF}"
EndProject
Project("{FAE04EC0-301F-11D3-BF4B-00C04F79EFBC}") = "MVC", "MVC\MVC.csproj", "{AF4A6ABA-4628-4CE8-A358-D10C8FDC1289}"
EndProject
Project("{2150E333-8FDC-42A3-9474-1A3956D46DE8}") = "Tool", "Tool", "{7A0C4470-21BE-44D4-9A2F-187FDDA90CE5}"
EndProject
Project("{FAE04EC0-301F-11D3-BF4B-00C04F79EFBC}") = "DbFactory", "DbFactory\DbFactory.csproj", "{B6CAF032-7708-405D-BA9E-B98B8A304944}"
EndProject
Global
	GlobalSection(SolutionConfigurationPlatforms) = preSolution
		Debug|Any CPU = Debug|Any CPU
		Release|Any CPU = Release|Any CPU
	EndGlobalSection
	GlobalSection(ProjectConfigurationPlatforms) = postSolution
		{CA02435A-282D-4604-8D62-CBDB800FFD7C}.Debug|Any CPU.ActiveCfg = Debug|Any CPU
		{CA02435A-282D-4604-8D62-CBDB800FFD7C}.Debug|Any CPU.Build.0 = Debug|Any CPU
		{CA02435A-282D-4604-8D62-CBDB800FFD7C}.Release|Any CPU.ActiveCfg = Release|Any CPU
		{CA02435A-282D-4604-8D62-CBDB800FFD7C}.Release|Any CPU.Build.0 = Release|Any CPU
		{8B26504E-A57A-4BE5-9D47-F711D123CF59}.Debug|Any CPU.ActiveCfg = Debug|Any CPU
		{8B26504E-A57A-4BE5-9D47-F711D123CF59}.Debug|Any CPU.Build.0 = Debug|Any CPU
		{8B26504E-A57A-4BE5-9D47-F711D123CF59}.Release|Any CPU.ActiveCfg = Release|Any CPU
		{8B26504E-A57A-4BE5-9D47-F711D123CF59}.Release|Any CPU.Build.0 = Release|Any CPU
		{52F5174D-26B6-48AA-A56A-6D3CEB04F20C}.Debug|Any CPU.ActiveCfg = Debug|Any CPU
		{52F5174D-26B6-48AA-A56A-6D3CEB04F20C}.Debug|Any CPU.Build.0 = Debug|Any CPU
		{52F5174D-26B6-48AA-A56A-6D3CEB04F20C}.Release|Any CPU.ActiveCfg = Release|Any CPU
		{52F5174D-26B6-48AA-A56A-6D3CEB04F20C}.Release|Any CPU.Build.0 = Release|Any CPU
		{CCEEA762-3794-42E6-A6FD-F2EC3E63ED7D}.Debug|Any CPU.ActiveCfg = Debug|Any CPU
		{CCEEA762-3794-42E6-A6FD-F2EC3E63ED7D}.Debug|Any CPU.Build.0 = Debug|Any CPU
		{CCEEA762-3794-42E6-A6FD-F2EC3E63ED7D}.Release|Any CPU.ActiveCfg = Release|Any CPU
		{CCEEA762-3794-42E6-A6FD-F2EC3E63ED7D}.Release|Any CPU.Build.0 = Release|Any CPU
		{040F017F-9A19-46D8-8AD1-5EE04DCE14D6}.Debug|Any CPU.ActiveCfg = Debug|Any CPU
		{040F017F-9A19-46D8-8AD1-5EE04DCE14D6}.Debug|Any CPU.Build.0 = Debug|Any CPU
		{040F017F-9A19-46D8-8AD1-5EE04DCE14D6}.Release|Any CPU.ActiveCfg = Release|Any CPU
		{040F017F-9A19-46D8-8AD1-5EE04DCE14D6}.Release|Any CPU.Build.0 = Release|Any CPU
		{1EE4A944-0C12-4768-8EEC-7F4950778438}.Debug|Any CPU.ActiveCfg = Debug|Any CPU
		{1EE4A944-0C12-4768-8EEC-7F4950778438}.Debug|Any CPU.Build.0 = Debug|Any CPU
		{1EE4A944-0C12-4768-8EEC-7F4950778438}.Release|Any CPU.ActiveCfg = Release|Any CPU
		{1EE4A944-0C12-4768-8EEC-7F4950778438}.Release|Any CPU.Build.0 = Release|Any CPU
		{6A489D6E-3E43-47AD-999D-9BD51AE9BE4B}.Debug|Any CPU.ActiveCfg = Debug|Any CPU
		{6A489D6E-3E43-47AD-999D-9BD51AE9BE4B}.Debug|Any CPU.Build.0 = Debug|Any CPU
		{6A489D6E-3E43-47AD-999D-9BD51AE9BE4B}.Release|Any CPU.ActiveCfg = Release|Any CPU
		{6A489D6E-3E43-47AD-999D-9BD51AE9BE4B}.Release|Any CPU.Build.0 = Release|Any CPU
		{17AAA390-7EFF-4AAB-A6BC-C6CF6D62CC21}.Debug|Any CPU.ActiveCfg = Debug|Any CPU
		{17AAA390-7EFF-4AAB-A6BC-C6CF6D62CC21}.Debug|Any CPU.Build.0 = Debug|Any CPU
		{17AAA390-7EFF-4AAB-A6BC-C6CF6D62CC21}.Release|Any CPU.ActiveCfg = Release|Any CPU
		{17AAA390-7EFF-4AAB-A6BC-C6CF6D62CC21}.Release|Any CPU.Build.0 = Release|Any CPU
		{D47C2FC3-C1BA-4D29-8891-C88719724890}.Debug|Any CPU.ActiveCfg = Debug|Any CPU
		{D47C2FC3-C1BA-4D29-8891-C88719724890}.Debug|Any CPU.Build.0 = Debug|Any CPU
		{D47C2FC3-C1BA-4D29-8891-C88719724890}.Release|Any CPU.ActiveCfg = Release|Any CPU
		{D47C2FC3-C1BA-4D29-8891-C88719724890}.Release|Any CPU.Build.0 = Release|Any CPU
		{42367C1B-719F-440F-B9D6-621BBAA25E11}.Debug|Any CPU.ActiveCfg = Debug|Any CPU
		{42367C1B-719F-440F-B9D6-621BBAA25E11}.Debug|Any CPU.Build.0 = Debug|Any CPU
		{42367C1B-719F-440F-B9D6-621BBAA25E11}.Release|Any CPU.ActiveCfg = Release|Any CPU
		{42367C1B-719F-440F-B9D6-621BBAA25E11}.Release|Any CPU.Build.0 = Release|Any CPU
		{0C55DDC5-D1F2-40B1-B7D3-76DD812D33AF}.Debug|Any CPU.ActiveCfg = Debug|Any CPU
		{0C55DDC5-D1F2-40B1-B7D3-76DD812D33AF}.Debug|Any CPU.Build.0 = Debug|Any CPU
		{0C55DDC5-D1F2-40B1-B7D3-76DD812D33AF}.Release|Any CPU.ActiveCfg = Release|Any CPU
		{0C55DDC5-D1F2-40B1-B7D3-76DD812D33AF}.Release|Any CPU.Build.0 = Release|Any CPU
		{C6D12501-263C-43A4-B1EB-D137FF138E52}.Debug|Any CPU.ActiveCfg = Debug|Any CPU
		{C6D12501-263C-43A4-B1EB-D137FF138E52}.Debug|Any CPU.Build.0 = Debug|Any CPU
		{C6D12501-263C-43A4-B1EB-D137FF138E52}.Release|Any CPU.ActiveCfg = Release|Any CPU
		{C6D12501-263C-43A4-B1EB-D137FF138E52}.Release|Any CPU.Build.0 = Release|Any CPU
		{CA2BF9BF-7F8B-435C-B180-546866A899CF}.Debug|Any CPU.ActiveCfg = Debug|Any CPU
		{CA2BF9BF-7F8B-435C-B180-546866A899CF}.Debug|Any CPU.Build.0 = Debug|Any CPU
		{CA2BF9BF-7F8B-435C-B180-546866A899CF}.Release|Any CPU.ActiveCfg = Release|Any CPU
		{CA2BF9BF-7F8B-435C-B180-546866A899CF}.Release|Any CPU.Build.0 = Release|Any CPU
		{AF4A6ABA-4628-4CE8-A358-D10C8FDC1289}.Debug|Any CPU.ActiveCfg = Debug|Any CPU
		{AF4A6ABA-4628-4CE8-A358-D10C8FDC1289}.Debug|Any CPU.Build.0 = Debug|Any CPU
		{AF4A6ABA-4628-4CE8-A358-D10C8FDC1289}.Release|Any CPU.ActiveCfg = Release|Any CPU
		{AF4A6ABA-4628-4CE8-A358-D10C8FDC1289}.Release|Any CPU.Build.0 = Release|Any CPU
		{B6CAF032-7708-405D-BA9E-B98B8A304944}.Debug|Any CPU.ActiveCfg = Debug|Any CPU
		{B6CAF032-7708-405D-BA9E-B98B8A304944}.Debug|Any CPU.Build.0 = Debug|Any CPU
		{B6CAF032-7708-405D-BA9E-B98B8A304944}.Release|Any CPU.ActiveCfg = Release|Any CPU
		{B6CAF032-7708-405D-BA9E-B98B8A304944}.Release|Any CPU.Build.0 = Release|Any CPU
	EndGlobalSection
	GlobalSection(SolutionProperties) = preSolution
		HideSolutionNode = FALSE
	EndGlobalSection
	GlobalSection(NestedProjects) = preSolution
		{1EE4A944-0C12-4768-8EEC-7F4950778438} = {72B9D0FD-1585-4571-8437-723739CE9B6E}
		{6A489D6E-3E43-47AD-999D-9BD51AE9BE4B} = {72B9D0FD-1585-4571-8437-723739CE9B6E}
		{17AAA390-7EFF-4AAB-A6BC-C6CF6D62CC21} = {E73A00B1-FDA3-41A4-89B3-FBE57671A098}
		{D47C2FC3-C1BA-4D29-8891-C88719724890} = {E73A00B1-FDA3-41A4-89B3-FBE57671A098}
		{42367C1B-719F-440F-B9D6-621BBAA25E11} = {E73A00B1-FDA3-41A4-89B3-FBE57671A098}
		{0C55DDC5-D1F2-40B1-B7D3-76DD812D33AF} = {E73A00B1-FDA3-41A4-89B3-FBE57671A098}
		{CA2BF9BF-7F8B-435C-B180-546866A899CF} = {958C87AF-9496-47C2-9FE5-2A3C0070D972}
		{B6CAF032-7708-405D-BA9E-B98B8A304944} = {7A0C4470-21BE-44D4-9A2F-187FDDA90CE5}
	EndGlobalSection
	GlobalSection(ExtensibilityGlobals) = postSolution
		SolutionGuid = {2C872FFB-DA1B-48EB-B7CE-9EDCAABE8FB7}
	EndGlobalSection
EndGlobal
