
Microsoft Visual Studio Solution File, Format Version 12.00
# Visual Studio Version 16
VisualStudioVersion = 16.0.30413.136
MinimumVisualStudioVersion = 10.0.40219.1
Project("{9A19103F-16F7-4668-BE54-9A1E7A4F7556}") = "sourcestack1", "RazorPage\sourcestack1.csproj", "{CA02435A-282D-4604-8D62-CBDB800FFD7C}"
EndProject
Project("{9A19103F-16F7-4668-BE54-9A1E7A4F7556}") = "SelfStudy", "SelfStudy\SelfStudy.csproj", "{8B26504E-A57A-4BE5-9D47-F711D123CF59}"
EndProject
Project("{9A19103F-16F7-4668-BE54-9A1E7A4F7556}") = "NUnitTestProject1", "NUnitTestProject1\NUnitTestProject1.csproj", "{52F5174D-26B6-48AA-A56A-6D3CEB04F20C}"
EndProject
Project("{FAE04EC0-301F-11D3-BF4B-00C04F79EFBC}") = "Captcha", "Captcha\Captcha.csproj", "{CCEEA762-3794-42E6-A6FD-F2EC3E63ED7D}"
EndProject
Project("{9A19103F-16F7-4668-BE54-9A1E7A4F7556}") = "CSharplearn", "CsharpLearn\CSharplearn.csproj", "{040F017F-9A19-46D8-8AD1-5EE04DCE14D6}"
EndProject
Project("{FAE04EC0-301F-11D3-BF4B-00C04F79EFBC}") = "MVC", "MVC\MVC.csproj", "{E427D1E7-4DF4-4B67-9205-C65D28CFB2C2}"
EndProject
Project("{2150E333-8FDC-42A3-9474-1A3956D46DE8}") = "BLL", "BLL", "{72B9D0FD-1585-4571-8437-723739CE9B6E}"
EndProject
Project("{FAE04EC0-301F-11D3-BF4B-00C04F79EFBC}") = "Entities", "Entities\Entities.csproj", "{1EE4A944-0C12-4768-8EEC-7F4950778438}"
EndProject
Project("{FAE04EC0-301F-11D3-BF4B-00C04F79EFBC}") = "Repositories", "Repositories\Repositories.csproj", "{6A489D6E-3E43-47AD-999D-9BD51AE9BE4B}"
EndProject
Global
	GlobalSection(SolutionConfigurationPlatforms) = preSolution
		Debug|Any CPU = Debug|Any CPU
		Release|Any CPU = Release|Any CPU
	EndGlobalSection
	GlobalSection(ProjectConfigurationPlatforms) = postSolution
		{CA02435A-282D-4604-8D62-CBDB800FFD7C}.Debug|Any CPU.ActiveCfg = Debug|Any CPU
		{CA02435A-282D-4604-8D62-CBDB800FFD7C}.Debug|Any CPU.Build.0 = Debug|Any CPU
		{CA02435A-282D-4604-8D62-CBDB800FFD7C}.Release|Any CPU.ActiveCfg = Release|Any CPU
		{CA02435A-282D-4604-8D62-CBDB800FFD7C}.Release|Any CPU.Build.0 = Release|Any CPU
		{8B26504E-A57A-4BE5-9D47-F711D123CF59}.Debug|Any CPU.ActiveCfg = Debug|Any CPU
		{8B26504E-A57A-4BE5-9D47-F711D123CF59}.Debug|Any CPU.Build.0 = Debug|Any CPU
		{8B26504E-A57A-4BE5-9D47-F711D123CF59}.Release|Any CPU.ActiveCfg = Release|Any CPU
		{8B26504E-A57A-4BE5-9D47-F711D123CF59}.Release|Any CPU.Build.0 = Release|Any CPU
		{52F5174D-26B6-48AA-A56A-6D3CEB04F20C}.Debug|Any CPU.ActiveCfg = Debug|Any CPU
		{52F5174D-26B6-48AA-A56A-6D3CEB04F20C}.Debug|Any CPU.Build.0 = Debug|Any CPU
		{52F5174D-26B6-48AA-A56A-6D3CEB04F20C}.Release|Any CPU.ActiveCfg = Release|Any CPU
		{52F5174D-26B6-48AA-A56A-6D3CEB04F20C}.Release|Any CPU.Build.0 = Release|Any CPU
		{CCEEA762-3794-42E6-A6FD-F2EC3E63ED7D}.Debug|Any CPU.ActiveCfg = Debug|Any CPU
		{CCEEA762-3794-42E6-A6FD-F2EC3E63ED7D}.Debug|Any CPU.Build.0 = Debug|Any CPU
		{CCEEA762-3794-42E6-A6FD-F2EC3E63ED7D}.Release|Any CPU.ActiveCfg = Release|Any CPU
		{CCEEA762-3794-42E6-A6FD-F2EC3E63ED7D}.Release|Any CPU.Build.0 = Release|Any CPU
		{040F017F-9A19-46D8-8AD1-5EE04DCE14D6}.Debug|Any CPU.ActiveCfg = Debug|Any CPU
		{040F017F-9A19-46D8-8AD1-5EE04DCE14D6}.Debug|Any CPU.Build.0 = Debug|Any CPU
		{040F017F-9A19-46D8-8AD1-5EE04DCE14D6}.Release|Any CPU.ActiveCfg = Release|Any CPU
		{040F017F-9A19-46D8-8AD1-5EE04DCE14D6}.Release|Any CPU.Build.0 = Release|Any CPU
		{E427D1E7-4DF4-4B67-9205-C65D28CFB2C2}.Debug|Any CPU.ActiveCfg = Debug|Any CPU
		{E427D1E7-4DF4-4B67-9205-C65D28CFB2C2}.Debug|Any CPU.Build.0 = Debug|Any CPU
		{E427D1E7-4DF4-4B67-9205-C65D28CFB2C2}.Release|Any CPU.ActiveCfg = Release|Any CPU
		{E427D1E7-4DF4-4B67-9205-C65D28CFB2C2}.Release|Any CPU.Build.0 = Release|Any CPU
		{1EE4A944-0C12-4768-8EEC-7F4950778438}.Debug|Any CPU.ActiveCfg = Debug|Any CPU
		{1EE4A944-0C12-4768-8EEC-7F4950778438}.Debug|Any CPU.Build.0 = Debug|Any CPU
		{1EE4A944-0C12-4768-8EEC-7F4950778438}.Release|Any CPU.ActiveCfg = Release|Any CPU
		{1EE4A944-0C12-4768-8EEC-7F4950778438}.Release|Any CPU.Build.0 = Release|Any CPU
		{6A489D6E-3E43-47AD-999D-9BD51AE9BE4B}.Debug|Any CPU.ActiveCfg = Debug|Any CPU
		{6A489D6E-3E43-47AD-999D-9BD51AE9BE4B}.Debug|Any CPU.Build.0 = Debug|Any CPU
		{6A489D6E-3E43-47AD-999D-9BD51AE9BE4B}.Release|Any CPU.ActiveCfg = Release|Any CPU
		{6A489D6E-3E43-47AD-999D-9BD51AE9BE4B}.Release|Any CPU.Build.0 = Release|Any CPU
	EndGlobalSection
	GlobalSection(SolutionProperties) = preSolution
		HideSolutionNode = FALSE
	EndGlobalSection
	GlobalSection(NestedProjects) = preSolution
		{1EE4A944-0C12-4768-8EEC-7F4950778438} = {72B9D0FD-1585-4571-8437-723739CE9B6E}
		{6A489D6E-3E43-47AD-999D-9BD51AE9BE4B} = {72B9D0FD-1585-4571-8437-723739CE9B6E}
	EndGlobalSection
	GlobalSection(ExtensibilityGlobals) = postSolution
		SolutionGuid = {2C872FFB-DA1B-48EB-B7CE-9EDCAABE8FB7}
	EndGlobalSection
EndGlobal
