
Microsoft Visual Studio Solution File, Format Version 12.00
# Visual Studio Version 16
VisualStudioVersion = 16.0.30413.136
MinimumVisualStudioVersion = 10.0.40219.1
Project("{9A19103F-16F7-4668-BE54-9A1E7A4F7556}") = "CSharplearn", "Csharp1\CSharplearn.csproj", "{5E0F6364-2578-411B-9915-948C0DC938B6}"
EndProject
Project("{9A19103F-16F7-4668-BE54-9A1E7A4F7556}") = "sourcestack1", "RazorPage\sourcestack1.csproj", "{CA02435A-282D-4604-8D62-CBDB800FFD7C}"
EndProject
Global
	GlobalSection(SolutionConfigurationPlatforms) = preSolution
		Debug|Any CPU = Debug|Any CPU
		Release|Any CPU = Release|Any CPU
	EndGlobalSection
	GlobalSection(ProjectConfigurationPlatforms) = postSolution
		{5E0F6364-2578-411B-9915-948C0DC938B6}.Debug|Any CPU.ActiveCfg = Debug|Any CPU
		{5E0F6364-2578-411B-9915-948C0DC938B6}.Debug|Any CPU.Build.0 = Debug|Any CPU
		{5E0F6364-2578-411B-9915-948C0DC938B6}.Release|Any CPU.ActiveCfg = Release|Any CPU
		{5E0F6364-2578-411B-9915-948C0DC938B6}.Release|Any CPU.Build.0 = Release|Any CPU
		{CA02435A-282D-4604-8D62-CBDB800FFD7C}.Debug|Any CPU.ActiveCfg = Debug|Any CPU
		{CA02435A-282D-4604-8D62-CBDB800FFD7C}.Debug|Any CPU.Build.0 = Debug|Any CPU
		{CA02435A-282D-4604-8D62-CBDB800FFD7C}.Release|Any CPU.ActiveCfg = Release|Any CPU
		{CA02435A-282D-4604-8D62-CBDB800FFD7C}.Release|Any CPU.Build.0 = Release|Any CPU
	EndGlobalSection
	GlobalSection(SolutionProperties) = preSolution
		HideSolutionNode = FALSE
	EndGlobalSection
	GlobalSection(ExtensibilityGlobals) = postSolution
		SolutionGuid = {2C872FFB-DA1B-48EB-B7CE-9EDCAABE8FB7}
	EndGlobalSection
EndGlobal
